# This is a Gradle generated file for dependency locking.
# Manual edits can break the build and are not advised.
# This file is expected to be part of source control.
androidx.activity:activity-ktx:1.9.0=debugRuntimeClasspath,profileRuntimeClasspath,releaseRuntimeClasspath
androidx.activity:activity:1.8.1=debugCompileClasspath,profileCompileClasspath,releaseCompileClasspath
androidx.activity:activity:1.9.0=debugRuntimeClasspath,profileRuntimeClasspath,releaseRuntimeClasspath
androidx.annotation:annotation-experimental:1.4.0=debugCompileClasspath,profileCompileClasspath,releaseCompileClasspath
androidx.annotation:annotation-experimental:1.4.1=debugRuntimeClasspath,profileRuntimeClasspath,releaseRuntimeClasspath
androidx.annotation:annotation-jvm:1.10.0=debugCompileClasspath,debugRuntimeClasspath,profileCompileClasspath,profileRuntimeClasspath,releaseCompileClasspath,releaseRuntimeClasspath
androidx.annotation:annotation:1.10.0=debugCompileClasspath,debugRuntimeClasspath,profileCompileClasspath,profileRuntimeClasspath,releaseCompileClasspath,releaseRuntimeClasspath
androidx.appcompat:appcompat-resources:1.1.0=debugRuntimeClasspath,profileRuntimeClasspath,releaseRuntimeClasspath
androidx.appcompat:appcompat:1.1.0=debugRuntimeClasspath,profileRuntimeClasspath,releaseRuntimeClasspath
androidx.arch.core:core-common:2.2.0=debugCompileClasspath,debugRuntimeClasspath,profileCompileClasspath,profileRuntimeClasspath,releaseCompileClasspath,releaseRuntimeClasspath
androidx.arch.core:core-runtime:2.2.0=debugCompileClasspath,debugRuntimeClasspath,profileCompileClasspath,profileRuntimeClasspath,releaseCompileClasspath,releaseRuntimeClasspath
androidx.asynclayoutinflater:asynclayoutinflater:1.0.0=debugRuntimeClasspath,profileRuntimeClasspath,releaseRuntimeClasspath
androidx.browser:browser:1.9.0=debugRuntimeClasspath,profileRuntimeClasspath,releaseRuntimeClasspath
androidx.collection:collection-jvm:1.4.2=debugRuntimeClasspath,profileRuntimeClasspath,releaseRuntimeClasspath
androidx.collection:collection-ktx:1.4.2=debugRuntimeClasspath,profileRuntimeClasspath,releaseRuntimeClasspath
androidx.collection:collection:1.1.0=debugCompileClasspath,profileCompileClasspath,releaseCompileClasspath
androidx.collection:collection:1.4.2=debugRuntimeClasspath,profileRuntimeClasspath,releaseRuntimeClasspath
androidx.concurrent:concurrent-futures:1.1.0=debugRuntimeClasspath,profileRuntimeClasspath,releaseRuntimeClasspath
androidx.coordinatorlayout:coordinatorlayout:1.0.0=debugRuntimeClasspath,profileRuntimeClasspath,releaseRuntimeClasspath
androidx.core:core-ktx:1.18.0=debugRuntimeClasspath,profileRuntimeClasspath,releaseRuntimeClasspath
androidx.core:core-ktx:1.2.0=debugCompileClasspath,profileCompileClasspath,releaseCompileClasspath
androidx.core:core-viewtree:1.0.0=debugRuntimeClasspath,profileRuntimeClasspath,releaseRuntimeClasspath
androidx.core:core:1.13.1=debugCompileClasspath,profileCompileClasspath,releaseCompileClasspath
androidx.core:core:1.18.0=debugRuntimeClasspath,profileRuntimeClasspath,releaseRuntimeClasspath
androidx.cursoradapter:cursoradapter:1.0.0=debugRuntimeClasspath,profileRuntimeClasspath,releaseRuntimeClasspath
androidx.customview:customview:1.0.0=debugCompileClasspath,profileCompileClasspath,releaseCompileClasspath
androidx.customview:customview:1.1.0=debugRuntimeClasspath,profileRuntimeClasspath,releaseRuntimeClasspath
androidx.datastore:datastore-android:1.1.7=debugRuntimeClasspath,profileRuntimeClasspath,releaseRuntimeClasspath
androidx.datastore:datastore-core-android:1.1.7=debugRuntimeClasspath,profileRuntimeClasspath,releaseRuntimeClasspath
androidx.datastore:datastore-core-okio-jvm:1.1.7=debugRuntimeClasspath,profileRuntimeClasspath,releaseRuntimeClasspath
androidx.datastore:datastore-core-okio:1.1.7=debugRuntimeClasspath,profileRuntimeClasspath,releaseRuntimeClasspath
androidx.datastore:datastore-core:1.1.7=debugRuntimeClasspath,profileRuntimeClasspath,releaseRuntimeClasspath
androidx.datastore:datastore-preferences-android:1.1.7=debugRuntimeClasspath,profileRuntimeClasspath,releaseRuntimeClasspath
androidx.datastore:datastore-preferences-core-android:1.1.7=debugRuntimeClasspath,profileRuntimeClasspath,releaseRuntimeClasspath
androidx.datastore:datastore-preferences-core:1.1.7=debugRuntimeClasspath,profileRuntimeClasspath,releaseRuntimeClasspath
androidx.datastore:datastore-preferences-external-protobuf:1.1.7=debugRuntimeClasspath,profileRuntimeClasspath,releaseRuntimeClasspath
androidx.datastore:datastore-preferences-proto:1.1.7=debugRuntimeClasspath,profileRuntimeClasspath,releaseRuntimeClasspath
androidx.datastore:datastore-preferences:1.1.7=debugRuntimeClasspath,profileRuntimeClasspath,releaseRuntimeClasspath
androidx.datastore:datastore:1.1.7=debugRuntimeClasspath,profileRuntimeClasspath,releaseRuntimeClasspath
androidx.documentfile:documentfile:1.0.0=debugRuntimeClasspath,profileRuntimeClasspath,releaseRuntimeClasspath
androidx.drawerlayout:drawerlayout:1.0.0=debugRuntimeClasspath,profileRuntimeClasspath,releaseRuntimeClasspath
androidx.exifinterface:exifinterface:1.4.1=debugCompileClasspath,debugRuntimeClasspath,profileCompileClasspath,profileRuntimeClasspath,releaseCompileClasspath,releaseRuntimeClasspath
androidx.fragment:fragment-ktx:1.7.1=debugRuntimeClasspath,profileRuntimeClasspath,releaseRuntimeClasspath
androidx.fragment:fragment:1.7.1=debugCompileClasspath,debugRuntimeClasspath,profileCompileClasspath,profileRuntimeClasspath,releaseCompileClasspath,releaseRuntimeClasspath
androidx.interpolator:interpolator:1.0.0=debugRuntimeClasspath,profileRuntimeClasspath,releaseRuntimeClasspath
androidx.legacy:legacy-support-core-ui:1.0.0=debugRuntimeClasspath,profileRuntimeClasspath,releaseRuntimeClasspath
androidx.legacy:legacy-support-core-utils:1.0.0=debugRuntimeClasspath,profileRuntimeClasspath,releaseRuntimeClasspath
androidx.lifecycle:lifecycle-common-java8:2.7.0=debugCompileClasspath,debugRuntimeClasspath,profileCompileClasspath,profileRuntimeClasspath,releaseCompileClasspath,releaseRuntimeClasspath
androidx.lifecycle:lifecycle-common:2.7.0=debugCompileClasspath,debugRuntimeClasspath,profileCompileClasspath,profileRuntimeClasspath,releaseCompileClasspath,releaseRuntimeClasspath
androidx.lifecycle:lifecycle-livedata-core-ktx:2.7.0=debugCompileClasspath,debugRuntimeClasspath,profileCompileClasspath,profileRuntimeClasspath,releaseCompileClasspath,releaseRuntimeClasspath
androidx.lifecycle:lifecycle-livedata-core:2.7.0=debugCompileClasspath,debugRuntimeClasspath,profileCompileClasspath,profileRuntimeClasspath,releaseCompileClasspath,releaseRuntimeClasspath
androidx.lifecycle:lifecycle-livedata:2.7.0=debugCompileClasspath,debugRuntimeClasspath,profileCompileClasspath,profileRuntimeClasspath,releaseCompileClasspath,releaseRuntimeClasspath
androidx.lifecycle:lifecycle-process:2.7.0=debugCompileClasspath,debugRuntimeClasspath,profileCompileClasspath,profileRuntimeClasspath,releaseCompileClasspath,releaseRuntimeClasspath
androidx.lifecycle:lifecycle-runtime-ktx:2.7.0=debugRuntimeClasspath,profileRuntimeClasspath,releaseRuntimeClasspath
androidx.lifecycle:lifecycle-runtime:2.7.0=debugCompileClasspath,debugRuntimeClasspath,profileCompileClasspath,profileRuntimeClasspath,releaseCompileClasspath,releaseRuntimeClasspath
androidx.lifecycle:lifecycle-viewmodel-ktx:2.7.0=debugRuntimeClasspath,profileRuntimeClasspath,releaseRuntimeClasspath
androidx.lifecycle:lifecycle-viewmodel-savedstate:2.7.0=debugCompileClasspath,debugRuntimeClasspath,profileCompileClasspath,profileRuntimeClasspath,releaseCompileClasspath,releaseRuntimeClasspath
androidx.lifecycle:lifecycle-viewmodel:2.7.0=debugCompileClasspath,debugRuntimeClasspath,profileCompileClasspath,profileRuntimeClasspath,releaseCompileClasspath,releaseRuntimeClasspath
androidx.loader:loader:1.0.0=debugCompileClasspath,debugRuntimeClasspath,profileCompileClasspath,profileRuntimeClasspath,releaseCompileClasspath,releaseRuntimeClasspath
androidx.localbroadcastmanager:localbroadcastmanager:1.0.0=debugRuntimeClasspath,profileRuntimeClasspath,releaseRuntimeClasspath
androidx.preference:preference:1.2.1=debugRuntimeClasspath,profileRuntimeClasspath,releaseRuntimeClasspath
androidx.print:print:1.0.0=debugRuntimeClasspath,profileRuntimeClasspath,releaseRuntimeClasspath
androidx.profileinstaller:profileinstaller:1.3.1=debugRuntimeClasspath,profileRuntimeClasspath,releaseRuntimeClasspath
androidx.recyclerview:recyclerview:1.0.0=debugRuntimeClasspath,profileRuntimeClasspath,releaseRuntimeClasspath
androidx.savedstate:savedstate-ktx:1.2.1=debugRuntimeClasspath,profileRuntimeClasspath,releaseRuntimeClasspath
androidx.savedstate:savedstate:1.2.1=debugCompileClasspath,debugRuntimeClasspath,profileCompileClasspath,profileRuntimeClasspath,releaseCompileClasspath,releaseRuntimeClasspath
androidx.security:security-crypto:1.1.0-alpha06=debugRuntimeClasspath,profileRuntimeClasspath,releaseRuntimeClasspath
androidx.slidingpanelayout:slidingpanelayout:1.2.0=debugRuntimeClasspath,profileRuntimeClasspath,releaseRuntimeClasspath
androidx.startup:startup-runtime:1.1.1=debugCompileClasspath,debugRuntimeClasspath,profileCompileClasspath,profileRuntimeClasspath,releaseCompileClasspath,releaseRuntimeClasspath
androidx.swiperefreshlayout:swiperefreshlayout:1.0.0=debugRuntimeClasspath,profileRuntimeClasspath,releaseRuntimeClasspath
androidx.test.espresso:espresso-core:3.3.0=debugCompileClasspath,debugRuntimeClasspath,profileCompileClasspath,profileRuntimeClasspath
androidx.test.espresso:espresso-idling-resource:3.3.0=debugCompileClasspath,debugRuntimeClasspath,profileCompileClasspath,profileRuntimeClasspath
androidx.test.services:storage:1.6.0=debugCompileClasspath,debugRuntimeClasspath,profileCompileClasspath,profileRuntimeClasspath
androidx.test:monitor:1.8.0=debugCompileClasspath,debugRuntimeClasspath,profileCompileClasspath,profileRuntimeClasspath
androidx.test:rules:1.7.0=debugCompileClasspath,debugRuntimeClasspath,profileCompileClasspath,profileRuntimeClasspath
androidx.test:runner:1.7.0=debugCompileClasspath,debugRuntimeClasspath,profileCompileClasspath,profileRuntimeClasspath
androidx.tracing:tracing:1.2.0=debugCompileClasspath,debugRuntimeClasspath,profileCompileClasspath,profileRuntimeClasspath,releaseCompileClasspath,releaseRuntimeClasspath
androidx.transition:transition:1.4.1=debugRuntimeClasspath,profileRuntimeClasspath,releaseRuntimeClasspath
androidx.vectordrawable:vectordrawable-animated:1.1.0=debugRuntimeClasspath,profileRuntimeClasspath,releaseRuntimeClasspath
androidx.vectordrawable:vectordrawable:1.1.0=debugRuntimeClasspath,profileRuntimeClasspath,releaseRuntimeClasspath
androidx.versionedparcelable:versionedparcelable:1.1.1=debugCompileClasspath,debugRuntimeClasspath,profileCompileClasspath,profileRuntimeClasspath,releaseCompileClasspath,releaseRuntimeClasspath
androidx.viewpager:viewpager:1.0.0=debugCompileClasspath,debugRuntimeClasspath,profileCompileClasspath,profileRuntimeClasspath,releaseCompileClasspath,releaseRuntimeClasspath
androidx.window.extensions.core:core:1.0.0=debugRuntimeClasspath,profileRuntimeClasspath,releaseRuntimeClasspath
androidx.window:window-java:1.2.0=debugCompileClasspath,debugRuntimeClasspath,profileCompileClasspath,profileRuntimeClasspath,releaseCompileClasspath,releaseRuntimeClasspath
androidx.window:window:1.2.0=debugCompileClasspath,debugRuntimeClasspath,profileCompileClasspath,profileRuntimeClasspath,releaseCompileClasspath,releaseRuntimeClasspath
com.getkeepsafe.relinker:relinker:1.4.5=debugCompileClasspath,debugRuntimeClasspath,profileCompileClasspath,profileRuntimeClasspath,releaseCompileClasspath,releaseRuntimeClasspath
com.github.pedroSG94.RootEncoder:common:2.8.1=debugCompileClasspath,debugRuntimeClasspath,profileCompileClasspath,profileRuntimeClasspath,releaseCompileClasspath,releaseRuntimeClasspath
com.github.pedroSG94.RootEncoder:encoder:2.8.1=debugCompileClasspath,debugRuntimeClasspath,profileCompileClasspath,profileRuntimeClasspath,releaseCompileClasspath,releaseRuntimeClasspath
com.github.pedroSG94.RootEncoder:library:2.8.1=debugCompileClasspath,debugRuntimeClasspath,profileCompileClasspath,profileRuntimeClasspath,releaseCompileClasspath,releaseRuntimeClasspath
com.github.pedroSG94.RootEncoder:rtmp:2.8.1=debugCompileClasspath,debugRuntimeClasspath,profileCompileClasspath,profileRuntimeClasspath,releaseCompileClasspath,releaseRuntimeClasspath
com.github.pedroSG94.RootEncoder:rtsp:2.8.1=debugCompileClasspath,debugRuntimeClasspath,profileCompileClasspath,profileRuntimeClasspath,releaseCompileClasspath,releaseRuntimeClasspath
com.github.pedroSG94.RootEncoder:srt:2.8.1=debugCompileClasspath,debugRuntimeClasspath,profileCompileClasspath,profileRuntimeClasspath,releaseCompileClasspath,releaseRuntimeClasspath
com.github.pedroSG94.RootEncoder:udp:2.8.1=debugCompileClasspath,debugRuntimeClasspath,profileCompileClasspath,profileRuntimeClasspath,releaseCompileClasspath,releaseRuntimeClasspath
com.github.pedroSG94.RootEncoder:whip:2.8.1=debugCompileClasspath,debugRuntimeClasspath,profileCompileClasspath,profileRuntimeClasspath,releaseCompileClasspath,releaseRuntimeClasspath
com.google.code.findbugs:jsr305:2.0.1=debugCompileClasspath,profileCompileClasspath
com.google.code.findbugs:jsr305:3.0.2=debugRuntimeClasspath,profileRuntimeClasspath,releaseRuntimeClasspath
com.google.code.gson:gson:2.10.1=debugRuntimeClasspath,profileRuntimeClasspath,releaseRuntimeClasspath
com.google.crypto.tink:tink-android:1.9.0=debugRuntimeClasspath,profileRuntimeClasspath,releaseRuntimeClasspath
com.google.errorprone:error_prone_annotations:2.18.0=debugRuntimeClasspath,profileRuntimeClasspath,releaseRuntimeClasspath
com.google.guava:failureaccess:1.0.1=debugRuntimeClasspath,profileRuntimeClasspath
com.google.guava:guava:32.0.0-android=debugRuntimeClasspath,profileRuntimeClasspath
com.google.guava:listenablefuture:1.0=releaseRuntimeClasspath
com.google.guava:listenablefuture:9999.0-empty-to-avoid-conflict-with-guava=debugRuntimeClasspath,profileRuntimeClasspath
com.google.j2objc:j2objc-annotations:2.8=debugRuntimeClasspath,profileRuntimeClasspath
com.squareup.okio:okio-jvm:3.4.0=debugRuntimeClasspath,profileRuntimeClasspath,releaseRuntimeClasspath
com.squareup.okio:okio:3.4.0=debugRuntimeClasspath,profileRuntimeClasspath,releaseRuntimeClasspath
com.squareup:javawriter:2.1.1=debugCompileClasspath,debugRuntimeClasspath,profileCompileClasspath,profileRuntimeClasspath
io.flutter:arm64_v8a_debug:1.0.0-a804b261645ef8c13eb3d5c44a5c2fb0340c5539=debugCompileClasspath,debugRuntimeClasspath
io.flutter:arm64_v8a_profile:1.0.0-a804b261645ef8c13eb3d5c44a5c2fb0340c5539=profileCompileClasspath,profileRuntimeClasspath
io.flutter:arm64_v8a_release:1.0.0-a804b261645ef8c13eb3d5c44a5c2fb0340c5539=releaseCompileClasspath,releaseRuntimeClasspath
io.flutter:armeabi_v7a_debug:1.0.0-a804b261645ef8c13eb3d5c44a5c2fb0340c5539=debugCompileClasspath,debugRuntimeClasspath
io.flutter:armeabi_v7a_profile:1.0.0-a804b261645ef8c13eb3d5c44a5c2fb0340c5539=profileCompileClasspath,profileRuntimeClasspath
io.flutter:armeabi_v7a_release:1.0.0-a804b261645ef8c13eb3d5c44a5c2fb0340c5539=releaseCompileClasspath,releaseRuntimeClasspath
io.flutter:flutter_embedding_debug:1.0.0-a804b261645ef8c13eb3d5c44a5c2fb0340c5539=debugCompileClasspath,debugRuntimeClasspath
io.flutter:flutter_embedding_profile:1.0.0-a804b261645ef8c13eb3d5c44a5c2fb0340c5539=profileCompileClasspath,profileRuntimeClasspath
io.flutter:flutter_embedding_release:1.0.0-a804b261645ef8c13eb3d5c44a5c2fb0340c5539=releaseCompileClasspath,releaseRuntimeClasspath
io.flutter:x86_64_debug:1.0.0-a804b261645ef8c13eb3d5c44a5c2fb0340c5539=debugCompileClasspath,debugRuntimeClasspath
io.flutter:x86_64_profile:1.0.0-a804b261645ef8c13eb3d5c44a5c2fb0340c5539=profileCompileClasspath,profileRuntimeClasspath
io.flutter:x86_64_release:1.0.0-a804b261645ef8c13eb3d5c44a5c2fb0340c5539=releaseCompileClasspath,releaseRuntimeClasspath
io.ktor:ktor-http-jvm:3.5.2=debugRuntimeClasspath,profileRuntimeClasspath,releaseRuntimeClasspath
io.ktor:ktor-http:3.5.2=debugRuntimeClasspath,profileRuntimeClasspath,releaseRuntimeClasspath
io.ktor:ktor-io-jvm:3.5.2=debugRuntimeClasspath,profileRuntimeClasspath,releaseRuntimeClasspath
io.ktor:ktor-io:3.5.2=debugRuntimeClasspath,profileRuntimeClasspath,releaseRuntimeClasspath
io.ktor:ktor-network-jvm:3.5.2=debugRuntimeClasspath,profileRuntimeClasspath,releaseRuntimeClasspath
io.ktor:ktor-network-tls-jvm:3.5.2=debugRuntimeClasspath,profileRuntimeClasspath,releaseRuntimeClasspath
io.ktor:ktor-network-tls:3.5.2=debugRuntimeClasspath,profileRuntimeClasspath,releaseRuntimeClasspath
io.ktor:ktor-network:3.5.2=debugRuntimeClasspath,profileRuntimeClasspath,releaseRuntimeClasspath
io.ktor:ktor-utils-jvm:3.5.2=debugRuntimeClasspath,profileRuntimeClasspath,releaseRuntimeClasspath
io.ktor:ktor-utils:3.5.2=debugRuntimeClasspath,profileRuntimeClasspath,releaseRuntimeClasspath
javax.inject:javax.inject:1=debugCompileClasspath,debugRuntimeClasspath,profileCompileClasspath,profileRuntimeClasspath
junit:junit:4.13.2=debugCompileClasspath,debugRuntimeClasspath,profileCompileClasspath,profileRuntimeClasspath
org.bouncycastle:bcpkix-jdk15to18:1.84=debugRuntimeClasspath,profileRuntimeClasspath,releaseRuntimeClasspath
org.bouncycastle:bcprov-jdk15to18:1.84=debugRuntimeClasspath,profileRuntimeClasspath,releaseRuntimeClasspath
org.bouncycastle:bctls-jdk15to18:1.84=debugRuntimeClasspath,profileRuntimeClasspath,releaseRuntimeClasspath
org.bouncycastle:bcutil-jdk15to18:1.84=debugRuntimeClasspath,profileRuntimeClasspath,releaseRuntimeClasspath
org.checkerframework:checker-qual:3.33.0=debugRuntimeClasspath,profileRuntimeClasspath
org.hamcrest:hamcrest-core:1.3=debugCompileClasspath,debugRuntimeClasspath,profileCompileClasspath,profileRuntimeClasspath
org.hamcrest:hamcrest-integration:1.3=debugCompileClasspath,debugRuntimeClasspath,profileCompileClasspath,profileRuntimeClasspath
org.hamcrest:hamcrest-library:1.3=debugCompileClasspath,debugRuntimeClasspath,profileCompileClasspath,profileRuntimeClasspath
org.jetbrains.kotlin:kotlin-android-extensions-runtime:1.9.22=debugRuntimeClasspath,profileRuntimeClasspath,releaseRuntimeClasspath
org.jetbrains.kotlin:kotlin-parcelize-runtime:1.9.22=debugRuntimeClasspath,profileRuntimeClasspath,releaseRuntimeClasspath
org.jetbrains.kotlin:kotlin-stdlib-jdk7:1.8.0=debugRuntimeClasspath,profileRuntimeClasspath,releaseRuntimeClasspath
org.jetbrains.kotlin:kotlin-stdlib-jdk8:1.8.0=debugRuntimeClasspath,profileRuntimeClasspath,releaseRuntimeClasspath
org.jetbrains.kotlin:kotlin-stdlib:2.4.0=debugCompileClasspath,debugRuntimeClasspath,profileCompileClasspath,profileRuntimeClasspath,releaseCompileClasspath,releaseRuntimeClasspath
org.jetbrains.kotlinx:kotlinx-coroutines-android:1.10.2=debugCompileClasspath,profileCompileClasspath,releaseCompileClasspath
org.jetbrains.kotlinx:kotlinx-coroutines-android:1.11.0=debugRuntimeClasspath,profileRuntimeClasspath,releaseRuntimeClasspath
org.jetbrains.kotlinx:kotlinx-coroutines-bom:1.10.2=debugCompileClasspath,profileCompileClasspath,releaseCompileClasspath
org.jetbrains.kotlinx:kotlinx-coroutines-bom:1.11.0=debugRuntimeClasspath,profileRuntimeClasspath,releaseRuntimeClasspath
org.jetbrains.kotlinx:kotlinx-coroutines-core-jvm:1.10.2=debugCompileClasspath,profileCompileClasspath,releaseCompileClasspath
org.jetbrains.kotlinx:kotlinx-coroutines-core-jvm:1.11.0=debugRuntimeClasspath,profileRuntimeClasspath,releaseRuntimeClasspath
org.jetbrains.kotlinx:kotlinx-coroutines-core:1.10.2=debugCompileClasspath,profileCompileClasspath,releaseCompileClasspath
org.jetbrains.kotlinx:kotlinx-coroutines-core:1.11.0=debugRuntimeClasspath,profileRuntimeClasspath,releaseRuntimeClasspath
org.jetbrains.kotlinx:kotlinx-io-bytestring-jvm:0.9.1=debugRuntimeClasspath,profileRuntimeClasspath,releaseRuntimeClasspath
org.jetbrains.kotlinx:kotlinx-io-bytestring:0.9.1=debugRuntimeClasspath,profileRuntimeClasspath,releaseRuntimeClasspath
org.jetbrains.kotlinx:kotlinx-io-core-jvm:0.9.1=debugRuntimeClasspath,profileRuntimeClasspath,releaseRuntimeClasspath
org.jetbrains.kotlinx:kotlinx-io-core:0.9.1=debugRuntimeClasspath,profileRuntimeClasspath,releaseRuntimeClasspath
org.jetbrains.kotlinx:kotlinx-serialization-bom:1.11.0=debugRuntimeClasspath,profileRuntimeClasspath,releaseRuntimeClasspath
org.jetbrains.kotlinx:kotlinx-serialization-core-jvm:1.11.0=debugRuntimeClasspath,profileRuntimeClasspath,releaseRuntimeClasspath
org.jetbrains.kotlinx:kotlinx-serialization-core:1.11.0=debugRuntimeClasspath,profileRuntimeClasspath,releaseRuntimeClasspath
org.jetbrains:annotations:23.0.0=debugCompileClasspath,debugRuntimeClasspath,profileCompileClasspath,profileRuntimeClasspath,releaseCompileClasspath,releaseRuntimeClasspath
org.jspecify:jspecify:1.0.0=debugCompileClasspath,debugRuntimeClasspath,profileCompileClasspath,profileRuntimeClasspath,releaseCompileClasspath,releaseRuntimeClasspath
org.slf4j:slf4j-api:2.0.18=debugRuntimeClasspath,profileRuntimeClasspath,releaseRuntimeClasspath
empty=
